
Microsoft Visual Studio Solution File, Format Version 12.00
# Visual Studio 14
VisualStudioVersion = 14.0.23107.0
MinimumVisualStudioVersion = 10.0.40219.1
Project("{2150E333-8FDC-42A3-9474-1A3956D46DE8}") = "Libraries", "Libraries", "{D2404163-A97C-4B2B-B896-73947737AF1A}"
EndProject
Project("{2150E333-8FDC-42A3-9474-1A3956D46DE8}") = "Presentation", "Presentation", "{5FC4659B-FA7D-4B22-B249-EBC5931D9356}"
EndProject
Project("{FAE04EC0-301F-11D3-BF4B-00C04F79EFBC}") = "ZHT.Service", "ZHT.Service\ZHT.Service.csproj", "{C77609A0-BC99-4FF6-BC43-A667467FF8EC}"
EndProject
Project("{FAE04EC0-301F-11D3-BF4B-00C04F79EFBC}") = "ZHTCore", "ZHT.Core\ZHTCore.csproj", "{CAFAAE1D-5506-4954-8A7D-17E37732B425}"
EndProject
Project("{FAE04EC0-301F-11D3-BF4B-00C04F79EFBC}") = "ZHT.Repository", "ZHT.Repository\ZHT.Repository.csproj", "{C1BE4C08-A4CB-42AE-9E23-A61481139FA3}"
EndProject
Project("{FAE04EC0-301F-11D3-BF4B-00C04F79EFBC}") = "ZHT.Data", "ZHT.Data\ZHT.Data.csproj", "{42B48086-C28D-444A-B030-A050DED74715}"
EndProject
Project("{FAE04EC0-301F-11D3-BF4B-00C04F79EFBC}") = "ZHT.Framework", "ZHT.Framework\ZHT.Framework.csproj", "{53EC0C6C-BCE6-45B2-B475-E451CADB56FE}"
EndProject
Project("{FAE04EC0-301F-11D3-BF4B-00C04F79EFBC}") = "ZHT.Manage", "ZHT.Manage\ZHT.Manage.csproj", "{5BC1763A-2170-4B72-92AA-8CFC0C2DEC9A}"
EndProject
Project("{FAE04EC0-301F-11D3-BF4B-00C04F79EFBC}") = "ZHT.Api", "ZHT.Api\ZHT.Api.csproj", "{868BC538-7231-4EA8-8730-02B7A7DDB5E8}"
EndProject
Global
	GlobalSection(SolutionConfigurationPlatforms) = preSolution
		Debug|Android = Debug|Android
		Debug|Any CPU = Debug|Any CPU
		Debug|iOS = Debug|iOS
		Debug|Mixed Platforms = Debug|Mixed Platforms
		Debug|Windows Phone (Universal) = Debug|Windows Phone (Universal)
		Debug|Windows Phone 8 = Debug|Windows Phone 8
		Debug|Windows-AnyCPU = Debug|Windows-AnyCPU
		Debug|Windows-ARM = Debug|Windows-ARM
		Debug|Windows-x64 = Debug|Windows-x64
		Debug|Windows-x86 = Debug|Windows-x86
		Release|Android = Release|Android
		Release|Any CPU = Release|Any CPU
		Release|iOS = Release|iOS
		Release|Mixed Platforms = Release|Mixed Platforms
		Release|Windows Phone (Universal) = Release|Windows Phone (Universal)
		Release|Windows Phone 8 = Release|Windows Phone 8
		Release|Windows-AnyCPU = Release|Windows-AnyCPU
		Release|Windows-ARM = Release|Windows-ARM
		Release|Windows-x64 = Release|Windows-x64
		Release|Windows-x86 = Release|Windows-x86
		Test|Android = Test|Android
		Test|Any CPU = Test|Any CPU
		Test|iOS = Test|iOS
		Test|Mixed Platforms = Test|Mixed Platforms
		Test|Windows Phone (Universal) = Test|Windows Phone (Universal)
		Test|Windows Phone 8 = Test|Windows Phone 8
		Test|Windows-AnyCPU = Test|Windows-AnyCPU
		Test|Windows-ARM = Test|Windows-ARM
		Test|Windows-x64 = Test|Windows-x64
		Test|Windows-x86 = Test|Windows-x86
	EndGlobalSection
	GlobalSection(ProjectConfigurationPlatforms) = postSolution
		{C77609A0-BC99-4FF6-BC43-A667467FF8EC}.Debug|Android.ActiveCfg = Debug|Any CPU
		{C77609A0-BC99-4FF6-BC43-A667467FF8EC}.Debug|Android.Build.0 = Debug|Any CPU
		{C77609A0-BC99-4FF6-BC43-A667467FF8EC}.Debug|Any CPU.ActiveCfg = Debug|Any CPU
		{C77609A0-BC99-4FF6-BC43-A667467FF8EC}.Debug|Any CPU.Build.0 = Debug|Any CPU
		{C77609A0-BC99-4FF6-BC43-A667467FF8EC}.Debug|iOS.ActiveCfg = Debug|Any CPU
		{C77609A0-BC99-4FF6-BC43-A667467FF8EC}.Debug|iOS.Build.0 = Debug|Any CPU
		{C77609A0-BC99-4FF6-BC43-A667467FF8EC}.Debug|Mixed Platforms.ActiveCfg = Debug|Any CPU
		{C77609A0-BC99-4FF6-BC43-A667467FF8EC}.Debug|Mixed Platforms.Build.0 = Debug|Any CPU
		{C77609A0-BC99-4FF6-BC43-A667467FF8EC}.Debug|Windows Phone (Universal).ActiveCfg = Debug|Any CPU
		{C77609A0-BC99-4FF6-BC43-A667467FF8EC}.Debug|Windows Phone (Universal).Build.0 = Debug|Any CPU
		{C77609A0-BC99-4FF6-BC43-A667467FF8EC}.Debug|Windows Phone 8.ActiveCfg = Debug|Any CPU
		{C77609A0-BC99-4FF6-BC43-A667467FF8EC}.Debug|Windows Phone 8.Build.0 = Debug|Any CPU
		{C77609A0-BC99-4FF6-BC43-A667467FF8EC}.Debug|Windows-AnyCPU.ActiveCfg = Debug|Any CPU
		{C77609A0-BC99-4FF6-BC43-A667467FF8EC}.Debug|Windows-AnyCPU.Build.0 = Debug|Any CPU
		{C77609A0-BC99-4FF6-BC43-A667467FF8EC}.Debug|Windows-ARM.ActiveCfg = Debug|Any CPU
		{C77609A0-BC99-4FF6-BC43-A667467FF8EC}.Debug|Windows-ARM.Build.0 = Debug|Any CPU
		{C77609A0-BC99-4FF6-BC43-A667467FF8EC}.Debug|Windows-x64.ActiveCfg = Debug|Any CPU
		{C77609A0-BC99-4FF6-BC43-A667467FF8EC}.Debug|Windows-x64.Build.0 = Debug|Any CPU
		{C77609A0-BC99-4FF6-BC43-A667467FF8EC}.Debug|Windows-x86.ActiveCfg = Debug|Any CPU
		{C77609A0-BC99-4FF6-BC43-A667467FF8EC}.Debug|Windows-x86.Build.0 = Debug|Any CPU
		{C77609A0-BC99-4FF6-BC43-A667467FF8EC}.Release|Android.ActiveCfg = Release|Any CPU
		{C77609A0-BC99-4FF6-BC43-A667467FF8EC}.Release|Android.Build.0 = Release|Any CPU
		{C77609A0-BC99-4FF6-BC43-A667467FF8EC}.Release|Any CPU.ActiveCfg = Release|Any CPU
		{C77609A0-BC99-4FF6-BC43-A667467FF8EC}.Release|Any CPU.Build.0 = Release|Any CPU
		{C77609A0-BC99-4FF6-BC43-A667467FF8EC}.Release|iOS.ActiveCfg = Release|Any CPU
		{C77609A0-BC99-4FF6-BC43-A667467FF8EC}.Release|iOS.Build.0 = Release|Any CPU
		{C77609A0-BC99-4FF6-BC43-A667467FF8EC}.Release|Mixed Platforms.ActiveCfg = Release|Any CPU
		{C77609A0-BC99-4FF6-BC43-A667467FF8EC}.Release|Mixed Platforms.Build.0 = Release|Any CPU
		{C77609A0-BC99-4FF6-BC43-A667467FF8EC}.Release|Windows Phone (Universal).ActiveCfg = Release|Any CPU
		{C77609A0-BC99-4FF6-BC43-A667467FF8EC}.Release|Windows Phone (Universal).Build.0 = Release|Any CPU
		{C77609A0-BC99-4FF6-BC43-A667467FF8EC}.Release|Windows Phone 8.ActiveCfg = Release|Any CPU
		{C77609A0-BC99-4FF6-BC43-A667467FF8EC}.Release|Windows Phone 8.Build.0 = Release|Any CPU
		{C77609A0-BC99-4FF6-BC43-A667467FF8EC}.Release|Windows-AnyCPU.ActiveCfg = Release|Any CPU
		{C77609A0-BC99-4FF6-BC43-A667467FF8EC}.Release|Windows-AnyCPU.Build.0 = Release|Any CPU
		{C77609A0-BC99-4FF6-BC43-A667467FF8EC}.Release|Windows-ARM.ActiveCfg = Release|Any CPU
		{C77609A0-BC99-4FF6-BC43-A667467FF8EC}.Release|Windows-ARM.Build.0 = Release|Any CPU
		{C77609A0-BC99-4FF6-BC43-A667467FF8EC}.Release|Windows-x64.ActiveCfg = Release|Any CPU
		{C77609A0-BC99-4FF6-BC43-A667467FF8EC}.Release|Windows-x64.Build.0 = Release|Any CPU
		{C77609A0-BC99-4FF6-BC43-A667467FF8EC}.Release|Windows-x86.ActiveCfg = Release|Any CPU
		{C77609A0-BC99-4FF6-BC43-A667467FF8EC}.Release|Windows-x86.Build.0 = Release|Any CPU
		{C77609A0-BC99-4FF6-BC43-A667467FF8EC}.Test|Android.ActiveCfg = Release|Any CPU
		{C77609A0-BC99-4FF6-BC43-A667467FF8EC}.Test|Android.Build.0 = Release|Any CPU
		{C77609A0-BC99-4FF6-BC43-A667467FF8EC}.Test|Any CPU.ActiveCfg = Release|Any CPU
		{C77609A0-BC99-4FF6-BC43-A667467FF8EC}.Test|Any CPU.Build.0 = Release|Any CPU
		{C77609A0-BC99-4FF6-BC43-A667467FF8EC}.Test|iOS.ActiveCfg = Release|Any CPU
		{C77609A0-BC99-4FF6-BC43-A667467FF8EC}.Test|iOS.Build.0 = Release|Any CPU
		{C77609A0-BC99-4FF6-BC43-A667467FF8EC}.Test|Mixed Platforms.ActiveCfg = Release|Any CPU
		{C77609A0-BC99-4FF6-BC43-A667467FF8EC}.Test|Mixed Platforms.Build.0 = Release|Any CPU
		{C77609A0-BC99-4FF6-BC43-A667467FF8EC}.Test|Windows Phone (Universal).ActiveCfg = Release|Any CPU
		{C77609A0-BC99-4FF6-BC43-A667467FF8EC}.Test|Windows Phone (Universal).Build.0 = Release|Any CPU
		{C77609A0-BC99-4FF6-BC43-A667467FF8EC}.Test|Windows Phone 8.ActiveCfg = Release|Any CPU
		{C77609A0-BC99-4FF6-BC43-A667467FF8EC}.Test|Windows Phone 8.Build.0 = Release|Any CPU
		{C77609A0-BC99-4FF6-BC43-A667467FF8EC}.Test|Windows-AnyCPU.ActiveCfg = Release|Any CPU
		{C77609A0-BC99-4FF6-BC43-A667467FF8EC}.Test|Windows-AnyCPU.Build.0 = Release|Any CPU
		{C77609A0-BC99-4FF6-BC43-A667467FF8EC}.Test|Windows-ARM.ActiveCfg = Release|Any CPU
		{C77609A0-BC99-4FF6-BC43-A667467FF8EC}.Test|Windows-ARM.Build.0 = Release|Any CPU
		{C77609A0-BC99-4FF6-BC43-A667467FF8EC}.Test|Windows-x64.ActiveCfg = Release|Any CPU
		{C77609A0-BC99-4FF6-BC43-A667467FF8EC}.Test|Windows-x64.Build.0 = Release|Any CPU
		{C77609A0-BC99-4FF6-BC43-A667467FF8EC}.Test|Windows-x86.ActiveCfg = Release|Any CPU
		{C77609A0-BC99-4FF6-BC43-A667467FF8EC}.Test|Windows-x86.Build.0 = Release|Any CPU
		{CAFAAE1D-5506-4954-8A7D-17E37732B425}.Debug|Android.ActiveCfg = Debug|Any CPU
		{CAFAAE1D-5506-4954-8A7D-17E37732B425}.Debug|Android.Build.0 = Debug|Any CPU
		{CAFAAE1D-5506-4954-8A7D-17E37732B425}.Debug|Any CPU.ActiveCfg = Debug|Any CPU
		{CAFAAE1D-5506-4954-8A7D-17E37732B425}.Debug|Any CPU.Build.0 = Debug|Any CPU
		{CAFAAE1D-5506-4954-8A7D-17E37732B425}.Debug|iOS.ActiveCfg = Debug|Any CPU
		{CAFAAE1D-5506-4954-8A7D-17E37732B425}.Debug|iOS.Build.0 = Debug|Any CPU
		{CAFAAE1D-5506-4954-8A7D-17E37732B425}.Debug|Mixed Platforms.ActiveCfg = Debug|Any CPU
		{CAFAAE1D-5506-4954-8A7D-17E37732B425}.Debug|Mixed Platforms.Build.0 = Debug|Any CPU
		{CAFAAE1D-5506-4954-8A7D-17E37732B425}.Debug|Windows Phone (Universal).ActiveCfg = Debug|Any CPU
		{CAFAAE1D-5506-4954-8A7D-17E37732B425}.Debug|Windows Phone (Universal).Build.0 = Debug|Any CPU
		{CAFAAE1D-5506-4954-8A7D-17E37732B425}.Debug|Windows Phone 8.ActiveCfg = Debug|Any CPU
		{CAFAAE1D-5506-4954-8A7D-17E37732B425}.Debug|Windows Phone 8.Build.0 = Debug|Any CPU
		{CAFAAE1D-5506-4954-8A7D-17E37732B425}.Debug|Windows-AnyCPU.ActiveCfg = Debug|Any CPU
		{CAFAAE1D-5506-4954-8A7D-17E37732B425}.Debug|Windows-AnyCPU.Build.0 = Debug|Any CPU
		{CAFAAE1D-5506-4954-8A7D-17E37732B425}.Debug|Windows-ARM.ActiveCfg = Debug|Any CPU
		{CAFAAE1D-5506-4954-8A7D-17E37732B425}.Debug|Windows-ARM.Build.0 = Debug|Any CPU
		{CAFAAE1D-5506-4954-8A7D-17E37732B425}.Debug|Windows-x64.ActiveCfg = Debug|Any CPU
		{CAFAAE1D-5506-4954-8A7D-17E37732B425}.Debug|Windows-x64.Build.0 = Debug|Any CPU
		{CAFAAE1D-5506-4954-8A7D-17E37732B425}.Debug|Windows-x86.ActiveCfg = Debug|Any CPU
		{CAFAAE1D-5506-4954-8A7D-17E37732B425}.Debug|Windows-x86.Build.0 = Debug|Any CPU
		{CAFAAE1D-5506-4954-8A7D-17E37732B425}.Release|Android.ActiveCfg = Release|Any CPU
		{CAFAAE1D-5506-4954-8A7D-17E37732B425}.Release|Android.Build.0 = Release|Any CPU
		{CAFAAE1D-5506-4954-8A7D-17E37732B425}.Release|Any CPU.ActiveCfg = Release|Any CPU
		{CAFAAE1D-5506-4954-8A7D-17E37732B425}.Release|Any CPU.Build.0 = Release|Any CPU
		{CAFAAE1D-5506-4954-8A7D-17E37732B425}.Release|iOS.ActiveCfg = Release|Any CPU
		{CAFAAE1D-5506-4954-8A7D-17E37732B425}.Release|iOS.Build.0 = Release|Any CPU
		{CAFAAE1D-5506-4954-8A7D-17E37732B425}.Release|Mixed Platforms.ActiveCfg = Release|Any CPU
		{CAFAAE1D-5506-4954-8A7D-17E37732B425}.Release|Mixed Platforms.Build.0 = Release|Any CPU
		{CAFAAE1D-5506-4954-8A7D-17E37732B425}.Release|Windows Phone (Universal).ActiveCfg = Release|Any CPU
		{CAFAAE1D-5506-4954-8A7D-17E37732B425}.Release|Windows Phone (Universal).Build.0 = Release|Any CPU
		{CAFAAE1D-5506-4954-8A7D-17E37732B425}.Release|Windows Phone 8.ActiveCfg = Release|Any CPU
		{CAFAAE1D-5506-4954-8A7D-17E37732B425}.Release|Windows Phone 8.Build.0 = Release|Any CPU
		{CAFAAE1D-5506-4954-8A7D-17E37732B425}.Release|Windows-AnyCPU.ActiveCfg = Release|Any CPU
		{CAFAAE1D-5506-4954-8A7D-17E37732B425}.Release|Windows-AnyCPU.Build.0 = Release|Any CPU
		{CAFAAE1D-5506-4954-8A7D-17E37732B425}.Release|Windows-ARM.ActiveCfg = Release|Any CPU
		{CAFAAE1D-5506-4954-8A7D-17E37732B425}.Release|Windows-ARM.Build.0 = Release|Any CPU
		{CAFAAE1D-5506-4954-8A7D-17E37732B425}.Release|Windows-x64.ActiveCfg = Release|Any CPU
		{CAFAAE1D-5506-4954-8A7D-17E37732B425}.Release|Windows-x64.Build.0 = Release|Any CPU
		{CAFAAE1D-5506-4954-8A7D-17E37732B425}.Release|Windows-x86.ActiveCfg = Release|Any CPU
		{CAFAAE1D-5506-4954-8A7D-17E37732B425}.Release|Windows-x86.Build.0 = Release|Any CPU
		{CAFAAE1D-5506-4954-8A7D-17E37732B425}.Test|Android.ActiveCfg = Release|Any CPU
		{CAFAAE1D-5506-4954-8A7D-17E37732B425}.Test|Android.Build.0 = Release|Any CPU
		{CAFAAE1D-5506-4954-8A7D-17E37732B425}.Test|Any CPU.ActiveCfg = Release|Any CPU
		{CAFAAE1D-5506-4954-8A7D-17E37732B425}.Test|Any CPU.Build.0 = Release|Any CPU
		{CAFAAE1D-5506-4954-8A7D-17E37732B425}.Test|iOS.ActiveCfg = Release|Any CPU
		{CAFAAE1D-5506-4954-8A7D-17E37732B425}.Test|iOS.Build.0 = Release|Any CPU
		{CAFAAE1D-5506-4954-8A7D-17E37732B425}.Test|Mixed Platforms.ActiveCfg = Release|Any CPU
		{CAFAAE1D-5506-4954-8A7D-17E37732B425}.Test|Mixed Platforms.Build.0 = Release|Any CPU
		{CAFAAE1D-5506-4954-8A7D-17E37732B425}.Test|Windows Phone (Universal).ActiveCfg = Release|Any CPU
		{CAFAAE1D-5506-4954-8A7D-17E37732B425}.Test|Windows Phone (Universal).Build.0 = Release|Any CPU
		{CAFAAE1D-5506-4954-8A7D-17E37732B425}.Test|Windows Phone 8.ActiveCfg = Release|Any CPU
		{CAFAAE1D-5506-4954-8A7D-17E37732B425}.Test|Windows Phone 8.Build.0 = Release|Any CPU
		{CAFAAE1D-5506-4954-8A7D-17E37732B425}.Test|Windows-AnyCPU.ActiveCfg = Release|Any CPU
		{CAFAAE1D-5506-4954-8A7D-17E37732B425}.Test|Windows-AnyCPU.Build.0 = Release|Any CPU
		{CAFAAE1D-5506-4954-8A7D-17E37732B425}.Test|Windows-ARM.ActiveCfg = Release|Any CPU
		{CAFAAE1D-5506-4954-8A7D-17E37732B425}.Test|Windows-ARM.Build.0 = Release|Any CPU
		{CAFAAE1D-5506-4954-8A7D-17E37732B425}.Test|Windows-x64.ActiveCfg = Release|Any CPU
		{CAFAAE1D-5506-4954-8A7D-17E37732B425}.Test|Windows-x64.Build.0 = Release|Any CPU
		{CAFAAE1D-5506-4954-8A7D-17E37732B425}.Test|Windows-x86.ActiveCfg = Release|Any CPU
		{CAFAAE1D-5506-4954-8A7D-17E37732B425}.Test|Windows-x86.Build.0 = Release|Any CPU
		{C1BE4C08-A4CB-42AE-9E23-A61481139FA3}.Debug|Android.ActiveCfg = Debug|Any CPU
		{C1BE4C08-A4CB-42AE-9E23-A61481139FA3}.Debug|Android.Build.0 = Debug|Any CPU
		{C1BE4C08-A4CB-42AE-9E23-A61481139FA3}.Debug|Any CPU.ActiveCfg = Debug|Any CPU
		{C1BE4C08-A4CB-42AE-9E23-A61481139FA3}.Debug|Any CPU.Build.0 = Debug|Any CPU
		{C1BE4C08-A4CB-42AE-9E23-A61481139FA3}.Debug|iOS.ActiveCfg = Debug|Any CPU
		{C1BE4C08-A4CB-42AE-9E23-A61481139FA3}.Debug|iOS.Build.0 = Debug|Any CPU
		{C1BE4C08-A4CB-42AE-9E23-A61481139FA3}.Debug|Mixed Platforms.ActiveCfg = Debug|Any CPU
		{C1BE4C08-A4CB-42AE-9E23-A61481139FA3}.Debug|Mixed Platforms.Build.0 = Debug|Any CPU
		{C1BE4C08-A4CB-42AE-9E23-A61481139FA3}.Debug|Windows Phone (Universal).ActiveCfg = Debug|Any CPU
		{C1BE4C08-A4CB-42AE-9E23-A61481139FA3}.Debug|Windows Phone (Universal).Build.0 = Debug|Any CPU
		{C1BE4C08-A4CB-42AE-9E23-A61481139FA3}.Debug|Windows Phone 8.ActiveCfg = Debug|Any CPU
		{C1BE4C08-A4CB-42AE-9E23-A61481139FA3}.Debug|Windows Phone 8.Build.0 = Debug|Any CPU
		{C1BE4C08-A4CB-42AE-9E23-A61481139FA3}.Debug|Windows-AnyCPU.ActiveCfg = Debug|Any CPU
		{C1BE4C08-A4CB-42AE-9E23-A61481139FA3}.Debug|Windows-AnyCPU.Build.0 = Debug|Any CPU
		{C1BE4C08-A4CB-42AE-9E23-A61481139FA3}.Debug|Windows-ARM.ActiveCfg = Debug|Any CPU
		{C1BE4C08-A4CB-42AE-9E23-A61481139FA3}.Debug|Windows-ARM.Build.0 = Debug|Any CPU
		{C1BE4C08-A4CB-42AE-9E23-A61481139FA3}.Debug|Windows-x64.ActiveCfg = Debug|Any CPU
		{C1BE4C08-A4CB-42AE-9E23-A61481139FA3}.Debug|Windows-x64.Build.0 = Debug|Any CPU
		{C1BE4C08-A4CB-42AE-9E23-A61481139FA3}.Debug|Windows-x86.ActiveCfg = Debug|Any CPU
		{C1BE4C08-A4CB-42AE-9E23-A61481139FA3}.Debug|Windows-x86.Build.0 = Debug|Any CPU
		{C1BE4C08-A4CB-42AE-9E23-A61481139FA3}.Release|Android.ActiveCfg = Release|Any CPU
		{C1BE4C08-A4CB-42AE-9E23-A61481139FA3}.Release|Android.Build.0 = Release|Any CPU
		{C1BE4C08-A4CB-42AE-9E23-A61481139FA3}.Release|Any CPU.ActiveCfg = Release|Any CPU
		{C1BE4C08-A4CB-42AE-9E23-A61481139FA3}.Release|Any CPU.Build.0 = Release|Any CPU
		{C1BE4C08-A4CB-42AE-9E23-A61481139FA3}.Release|iOS.ActiveCfg = Release|Any CPU
		{C1BE4C08-A4CB-42AE-9E23-A61481139FA3}.Release|iOS.Build.0 = Release|Any CPU
		{C1BE4C08-A4CB-42AE-9E23-A61481139FA3}.Release|Mixed Platforms.ActiveCfg = Release|Any CPU
		{C1BE4C08-A4CB-42AE-9E23-A61481139FA3}.Release|Mixed Platforms.Build.0 = Release|Any CPU
		{C1BE4C08-A4CB-42AE-9E23-A61481139FA3}.Release|Windows Phone (Universal).ActiveCfg = Release|Any CPU
		{C1BE4C08-A4CB-42AE-9E23-A61481139FA3}.Release|Windows Phone (Universal).Build.0 = Release|Any CPU
		{C1BE4C08-A4CB-42AE-9E23-A61481139FA3}.Release|Windows Phone 8.ActiveCfg = Release|Any CPU
		{C1BE4C08-A4CB-42AE-9E23-A61481139FA3}.Release|Windows Phone 8.Build.0 = Release|Any CPU
		{C1BE4C08-A4CB-42AE-9E23-A61481139FA3}.Release|Windows-AnyCPU.ActiveCfg = Release|Any CPU
		{C1BE4C08-A4CB-42AE-9E23-A61481139FA3}.Release|Windows-AnyCPU.Build.0 = Release|Any CPU
		{C1BE4C08-A4CB-42AE-9E23-A61481139FA3}.Release|Windows-ARM.ActiveCfg = Release|Any CPU
		{C1BE4C08-A4CB-42AE-9E23-A61481139FA3}.Release|Windows-ARM.Build.0 = Release|Any CPU
		{C1BE4C08-A4CB-42AE-9E23-A61481139FA3}.Release|Windows-x64.ActiveCfg = Release|Any CPU
		{C1BE4C08-A4CB-42AE-9E23-A61481139FA3}.Release|Windows-x64.Build.0 = Release|Any CPU
		{C1BE4C08-A4CB-42AE-9E23-A61481139FA3}.Release|Windows-x86.ActiveCfg = Release|Any CPU
		{C1BE4C08-A4CB-42AE-9E23-A61481139FA3}.Release|Windows-x86.Build.0 = Release|Any CPU
		{C1BE4C08-A4CB-42AE-9E23-A61481139FA3}.Test|Android.ActiveCfg = Release|Any CPU
		{C1BE4C08-A4CB-42AE-9E23-A61481139FA3}.Test|Android.Build.0 = Release|Any CPU
		{C1BE4C08-A4CB-42AE-9E23-A61481139FA3}.Test|Any CPU.ActiveCfg = Release|Any CPU
		{C1BE4C08-A4CB-42AE-9E23-A61481139FA3}.Test|Any CPU.Build.0 = Release|Any CPU
		{C1BE4C08-A4CB-42AE-9E23-A61481139FA3}.Test|iOS.ActiveCfg = Release|Any CPU
		{C1BE4C08-A4CB-42AE-9E23-A61481139FA3}.Test|iOS.Build.0 = Release|Any CPU
		{C1BE4C08-A4CB-42AE-9E23-A61481139FA3}.Test|Mixed Platforms.ActiveCfg = Release|Any CPU
		{C1BE4C08-A4CB-42AE-9E23-A61481139FA3}.Test|Mixed Platforms.Build.0 = Release|Any CPU
		{C1BE4C08-A4CB-42AE-9E23-A61481139FA3}.Test|Windows Phone (Universal).ActiveCfg = Release|Any CPU
		{C1BE4C08-A4CB-42AE-9E23-A61481139FA3}.Test|Windows Phone (Universal).Build.0 = Release|Any CPU
		{C1BE4C08-A4CB-42AE-9E23-A61481139FA3}.Test|Windows Phone 8.ActiveCfg = Release|Any CPU
		{C1BE4C08-A4CB-42AE-9E23-A61481139FA3}.Test|Windows Phone 8.Build.0 = Release|Any CPU
		{C1BE4C08-A4CB-42AE-9E23-A61481139FA3}.Test|Windows-AnyCPU.ActiveCfg = Release|Any CPU
		{C1BE4C08-A4CB-42AE-9E23-A61481139FA3}.Test|Windows-AnyCPU.Build.0 = Release|Any CPU
		{C1BE4C08-A4CB-42AE-9E23-A61481139FA3}.Test|Windows-ARM.ActiveCfg = Release|Any CPU
		{C1BE4C08-A4CB-42AE-9E23-A61481139FA3}.Test|Windows-ARM.Build.0 = Release|Any CPU
		{C1BE4C08-A4CB-42AE-9E23-A61481139FA3}.Test|Windows-x64.ActiveCfg = Release|Any CPU
		{C1BE4C08-A4CB-42AE-9E23-A61481139FA3}.Test|Windows-x64.Build.0 = Release|Any CPU
		{C1BE4C08-A4CB-42AE-9E23-A61481139FA3}.Test|Windows-x86.ActiveCfg = Release|Any CPU
		{C1BE4C08-A4CB-42AE-9E23-A61481139FA3}.Test|Windows-x86.Build.0 = Release|Any CPU
		{42B48086-C28D-444A-B030-A050DED74715}.Debug|Android.ActiveCfg = Debug|Any CPU
		{42B48086-C28D-444A-B030-A050DED74715}.Debug|Android.Build.0 = Debug|Any CPU
		{42B48086-C28D-444A-B030-A050DED74715}.Debug|Any CPU.ActiveCfg = Debug|Any CPU
		{42B48086-C28D-444A-B030-A050DED74715}.Debug|Any CPU.Build.0 = Debug|Any CPU
		{42B48086-C28D-444A-B030-A050DED74715}.Debug|iOS.ActiveCfg = Debug|Any CPU
		{42B48086-C28D-444A-B030-A050DED74715}.Debug|iOS.Build.0 = Debug|Any CPU
		{42B48086-C28D-444A-B030-A050DED74715}.Debug|Mixed Platforms.ActiveCfg = Debug|Any CPU
		{42B48086-C28D-444A-B030-A050DED74715}.Debug|Mixed Platforms.Build.0 = Debug|Any CPU
		{42B48086-C28D-444A-B030-A050DED74715}.Debug|Windows Phone (Universal).ActiveCfg = Debug|Any CPU
		{42B48086-C28D-444A-B030-A050DED74715}.Debug|Windows Phone (Universal).Build.0 = Debug|Any CPU
		{42B48086-C28D-444A-B030-A050DED74715}.Debug|Windows Phone 8.ActiveCfg = Debug|Any CPU
		{42B48086-C28D-444A-B030-A050DED74715}.Debug|Windows Phone 8.Build.0 = Debug|Any CPU
		{42B48086-C28D-444A-B030-A050DED74715}.Debug|Windows-AnyCPU.ActiveCfg = Debug|Any CPU
		{42B48086-C28D-444A-B030-A050DED74715}.Debug|Windows-AnyCPU.Build.0 = Debug|Any CPU
		{42B48086-C28D-444A-B030-A050DED74715}.Debug|Windows-ARM.ActiveCfg = Debug|Any CPU
		{42B48086-C28D-444A-B030-A050DED74715}.Debug|Windows-ARM.Build.0 = Debug|Any CPU
		{42B48086-C28D-444A-B030-A050DED74715}.Debug|Windows-x64.ActiveCfg = Debug|Any CPU
		{42B48086-C28D-444A-B030-A050DED74715}.Debug|Windows-x64.Build.0 = Debug|Any CPU
		{42B48086-C28D-444A-B030-A050DED74715}.Debug|Windows-x86.ActiveCfg = Debug|Any CPU
		{42B48086-C28D-444A-B030-A050DED74715}.Debug|Windows-x86.Build.0 = Debug|Any CPU
		{42B48086-C28D-444A-B030-A050DED74715}.Release|Android.ActiveCfg = Release|Any CPU
		{42B48086-C28D-444A-B030-A050DED74715}.Release|Android.Build.0 = Release|Any CPU
		{42B48086-C28D-444A-B030-A050DED74715}.Release|Any CPU.ActiveCfg = Release|Any CPU
		{42B48086-C28D-444A-B030-A050DED74715}.Release|Any CPU.Build.0 = Release|Any CPU
		{42B48086-C28D-444A-B030-A050DED74715}.Release|iOS.ActiveCfg = Release|Any CPU
		{42B48086-C28D-444A-B030-A050DED74715}.Release|iOS.Build.0 = Release|Any CPU
		{42B48086-C28D-444A-B030-A050DED74715}.Release|Mixed Platforms.ActiveCfg = Release|Any CPU
		{42B48086-C28D-444A-B030-A050DED74715}.Release|Mixed Platforms.Build.0 = Release|Any CPU
		{42B48086-C28D-444A-B030-A050DED74715}.Release|Windows Phone (Universal).ActiveCfg = Release|Any CPU
		{42B48086-C28D-444A-B030-A050DED74715}.Release|Windows Phone (Universal).Build.0 = Release|Any CPU
		{42B48086-C28D-444A-B030-A050DED74715}.Release|Windows Phone 8.ActiveCfg = Release|Any CPU
		{42B48086-C28D-444A-B030-A050DED74715}.Release|Windows Phone 8.Build.0 = Release|Any CPU
		{42B48086-C28D-444A-B030-A050DED74715}.Release|Windows-AnyCPU.ActiveCfg = Release|Any CPU
		{42B48086-C28D-444A-B030-A050DED74715}.Release|Windows-AnyCPU.Build.0 = Release|Any CPU
		{42B48086-C28D-444A-B030-A050DED74715}.Release|Windows-ARM.ActiveCfg = Release|Any CPU
		{42B48086-C28D-444A-B030-A050DED74715}.Release|Windows-ARM.Build.0 = Release|Any CPU
		{42B48086-C28D-444A-B030-A050DED74715}.Release|Windows-x64.ActiveCfg = Release|Any CPU
		{42B48086-C28D-444A-B030-A050DED74715}.Release|Windows-x64.Build.0 = Release|Any CPU
		{42B48086-C28D-444A-B030-A050DED74715}.Release|Windows-x86.ActiveCfg = Release|Any CPU
		{42B48086-C28D-444A-B030-A050DED74715}.Release|Windows-x86.Build.0 = Release|Any CPU
		{42B48086-C28D-444A-B030-A050DED74715}.Test|Android.ActiveCfg = Release|Any CPU
		{42B48086-C28D-444A-B030-A050DED74715}.Test|Android.Build.0 = Release|Any CPU
		{42B48086-C28D-444A-B030-A050DED74715}.Test|Any CPU.ActiveCfg = Release|Any CPU
		{42B48086-C28D-444A-B030-A050DED74715}.Test|Any CPU.Build.0 = Release|Any CPU
		{42B48086-C28D-444A-B030-A050DED74715}.Test|iOS.ActiveCfg = Release|Any CPU
		{42B48086-C28D-444A-B030-A050DED74715}.Test|iOS.Build.0 = Release|Any CPU
		{42B48086-C28D-444A-B030-A050DED74715}.Test|Mixed Platforms.ActiveCfg = Release|Any CPU
		{42B48086-C28D-444A-B030-A050DED74715}.Test|Mixed Platforms.Build.0 = Release|Any CPU
		{42B48086-C28D-444A-B030-A050DED74715}.Test|Windows Phone (Universal).ActiveCfg = Release|Any CPU
		{42B48086-C28D-444A-B030-A050DED74715}.Test|Windows Phone (Universal).Build.0 = Release|Any CPU
		{42B48086-C28D-444A-B030-A050DED74715}.Test|Windows Phone 8.ActiveCfg = Release|Any CPU
		{42B48086-C28D-444A-B030-A050DED74715}.Test|Windows Phone 8.Build.0 = Release|Any CPU
		{42B48086-C28D-444A-B030-A050DED74715}.Test|Windows-AnyCPU.ActiveCfg = Release|Any CPU
		{42B48086-C28D-444A-B030-A050DED74715}.Test|Windows-AnyCPU.Build.0 = Release|Any CPU
		{42B48086-C28D-444A-B030-A050DED74715}.Test|Windows-ARM.ActiveCfg = Release|Any CPU
		{42B48086-C28D-444A-B030-A050DED74715}.Test|Windows-ARM.Build.0 = Release|Any CPU
		{42B48086-C28D-444A-B030-A050DED74715}.Test|Windows-x64.ActiveCfg = Release|Any CPU
		{42B48086-C28D-444A-B030-A050DED74715}.Test|Windows-x64.Build.0 = Release|Any CPU
		{42B48086-C28D-444A-B030-A050DED74715}.Test|Windows-x86.ActiveCfg = Release|Any CPU
		{42B48086-C28D-444A-B030-A050DED74715}.Test|Windows-x86.Build.0 = Release|Any CPU
		{53EC0C6C-BCE6-45B2-B475-E451CADB56FE}.Debug|Android.ActiveCfg = Debug|Any CPU
		{53EC0C6C-BCE6-45B2-B475-E451CADB56FE}.Debug|Android.Build.0 = Debug|Any CPU
		{53EC0C6C-BCE6-45B2-B475-E451CADB56FE}.Debug|Any CPU.ActiveCfg = Debug|Any CPU
		{53EC0C6C-BCE6-45B2-B475-E451CADB56FE}.Debug|Any CPU.Build.0 = Debug|Any CPU
		{53EC0C6C-BCE6-45B2-B475-E451CADB56FE}.Debug|iOS.ActiveCfg = Debug|Any CPU
		{53EC0C6C-BCE6-45B2-B475-E451CADB56FE}.Debug|iOS.Build.0 = Debug|Any CPU
		{53EC0C6C-BCE6-45B2-B475-E451CADB56FE}.Debug|Mixed Platforms.ActiveCfg = Debug|Any CPU
		{53EC0C6C-BCE6-45B2-B475-E451CADB56FE}.Debug|Mixed Platforms.Build.0 = Debug|Any CPU
		{53EC0C6C-BCE6-45B2-B475-E451CADB56FE}.Debug|Windows Phone (Universal).ActiveCfg = Debug|Any CPU
		{53EC0C6C-BCE6-45B2-B475-E451CADB56FE}.Debug|Windows Phone (Universal).Build.0 = Debug|Any CPU
		{53EC0C6C-BCE6-45B2-B475-E451CADB56FE}.Debug|Windows Phone 8.ActiveCfg = Debug|Any CPU
		{53EC0C6C-BCE6-45B2-B475-E451CADB56FE}.Debug|Windows Phone 8.Build.0 = Debug|Any CPU
		{53EC0C6C-BCE6-45B2-B475-E451CADB56FE}.Debug|Windows-AnyCPU.ActiveCfg = Debug|Any CPU
		{53EC0C6C-BCE6-45B2-B475-E451CADB56FE}.Debug|Windows-AnyCPU.Build.0 = Debug|Any CPU
		{53EC0C6C-BCE6-45B2-B475-E451CADB56FE}.Debug|Windows-ARM.ActiveCfg = Debug|Any CPU
		{53EC0C6C-BCE6-45B2-B475-E451CADB56FE}.Debug|Windows-ARM.Build.0 = Debug|Any CPU
		{53EC0C6C-BCE6-45B2-B475-E451CADB56FE}.Debug|Windows-x64.ActiveCfg = Debug|Any CPU
		{53EC0C6C-BCE6-45B2-B475-E451CADB56FE}.Debug|Windows-x64.Build.0 = Debug|Any CPU
		{53EC0C6C-BCE6-45B2-B475-E451CADB56FE}.Debug|Windows-x86.ActiveCfg = Debug|Any CPU
		{53EC0C6C-BCE6-45B2-B475-E451CADB56FE}.Debug|Windows-x86.Build.0 = Debug|Any CPU
		{53EC0C6C-BCE6-45B2-B475-E451CADB56FE}.Release|Android.ActiveCfg = Release|Any CPU
		{53EC0C6C-BCE6-45B2-B475-E451CADB56FE}.Release|Android.Build.0 = Release|Any CPU
		{53EC0C6C-BCE6-45B2-B475-E451CADB56FE}.Release|Any CPU.ActiveCfg = Release|Any CPU
		{53EC0C6C-BCE6-45B2-B475-E451CADB56FE}.Release|Any CPU.Build.0 = Release|Any CPU
		{53EC0C6C-BCE6-45B2-B475-E451CADB56FE}.Release|iOS.ActiveCfg = Release|Any CPU
		{53EC0C6C-BCE6-45B2-B475-E451CADB56FE}.Release|iOS.Build.0 = Release|Any CPU
		{53EC0C6C-BCE6-45B2-B475-E451CADB56FE}.Release|Mixed Platforms.ActiveCfg = Release|Any CPU
		{53EC0C6C-BCE6-45B2-B475-E451CADB56FE}.Release|Mixed Platforms.Build.0 = Release|Any CPU
		{53EC0C6C-BCE6-45B2-B475-E451CADB56FE}.Release|Windows Phone (Universal).ActiveCfg = Release|Any CPU
		{53EC0C6C-BCE6-45B2-B475-E451CADB56FE}.Release|Windows Phone (Universal).Build.0 = Release|Any CPU
		{53EC0C6C-BCE6-45B2-B475-E451CADB56FE}.Release|Windows Phone 8.ActiveCfg = Release|Any CPU
		{53EC0C6C-BCE6-45B2-B475-E451CADB56FE}.Release|Windows Phone 8.Build.0 = Release|Any CPU
		{53EC0C6C-BCE6-45B2-B475-E451CADB56FE}.Release|Windows-AnyCPU.ActiveCfg = Release|Any CPU
		{53EC0C6C-BCE6-45B2-B475-E451CADB56FE}.Release|Windows-AnyCPU.Build.0 = Release|Any CPU
		{53EC0C6C-BCE6-45B2-B475-E451CADB56FE}.Release|Windows-ARM.ActiveCfg = Release|Any CPU
		{53EC0C6C-BCE6-45B2-B475-E451CADB56FE}.Release|Windows-ARM.Build.0 = Release|Any CPU
		{53EC0C6C-BCE6-45B2-B475-E451CADB56FE}.Release|Windows-x64.ActiveCfg = Release|Any CPU
		{53EC0C6C-BCE6-45B2-B475-E451CADB56FE}.Release|Windows-x64.Build.0 = Release|Any CPU
		{53EC0C6C-BCE6-45B2-B475-E451CADB56FE}.Release|Windows-x86.ActiveCfg = Release|Any CPU
		{53EC0C6C-BCE6-45B2-B475-E451CADB56FE}.Release|Windows-x86.Build.0 = Release|Any CPU
		{53EC0C6C-BCE6-45B2-B475-E451CADB56FE}.Test|Android.ActiveCfg = Release|Any CPU
		{53EC0C6C-BCE6-45B2-B475-E451CADB56FE}.Test|Android.Build.0 = Release|Any CPU
		{53EC0C6C-BCE6-45B2-B475-E451CADB56FE}.Test|Any CPU.ActiveCfg = Release|Any CPU
		{53EC0C6C-BCE6-45B2-B475-E451CADB56FE}.Test|Any CPU.Build.0 = Release|Any CPU
		{53EC0C6C-BCE6-45B2-B475-E451CADB56FE}.Test|iOS.ActiveCfg = Release|Any CPU
		{53EC0C6C-BCE6-45B2-B475-E451CADB56FE}.Test|iOS.Build.0 = Release|Any CPU
		{53EC0C6C-BCE6-45B2-B475-E451CADB56FE}.Test|Mixed Platforms.ActiveCfg = Release|Any CPU
		{53EC0C6C-BCE6-45B2-B475-E451CADB56FE}.Test|Mixed Platforms.Build.0 = Release|Any CPU
		{53EC0C6C-BCE6-45B2-B475-E451CADB56FE}.Test|Windows Phone (Universal).ActiveCfg = Release|Any CPU
		{53EC0C6C-BCE6-45B2-B475-E451CADB56FE}.Test|Windows Phone (Universal).Build.0 = Release|Any CPU
		{53EC0C6C-BCE6-45B2-B475-E451CADB56FE}.Test|Windows Phone 8.ActiveCfg = Release|Any CPU
		{53EC0C6C-BCE6-45B2-B475-E451CADB56FE}.Test|Windows Phone 8.Build.0 = Release|Any CPU
		{53EC0C6C-BCE6-45B2-B475-E451CADB56FE}.Test|Windows-AnyCPU.ActiveCfg = Release|Any CPU
		{53EC0C6C-BCE6-45B2-B475-E451CADB56FE}.Test|Windows-AnyCPU.Build.0 = Release|Any CPU
		{53EC0C6C-BCE6-45B2-B475-E451CADB56FE}.Test|Windows-ARM.ActiveCfg = Release|Any CPU
		{53EC0C6C-BCE6-45B2-B475-E451CADB56FE}.Test|Windows-ARM.Build.0 = Release|Any CPU
		{53EC0C6C-BCE6-45B2-B475-E451CADB56FE}.Test|Windows-x64.ActiveCfg = Release|Any CPU
		{53EC0C6C-BCE6-45B2-B475-E451CADB56FE}.Test|Windows-x64.Build.0 = Release|Any CPU
		{53EC0C6C-BCE6-45B2-B475-E451CADB56FE}.Test|Windows-x86.ActiveCfg = Release|Any CPU
		{53EC0C6C-BCE6-45B2-B475-E451CADB56FE}.Test|Windows-x86.Build.0 = Release|Any CPU
		{5BC1763A-2170-4B72-92AA-8CFC0C2DEC9A}.Debug|Android.ActiveCfg = Debug|Any CPU
		{5BC1763A-2170-4B72-92AA-8CFC0C2DEC9A}.Debug|Android.Build.0 = Debug|Any CPU
		{5BC1763A-2170-4B72-92AA-8CFC0C2DEC9A}.Debug|Any CPU.ActiveCfg = Debug|Any CPU
		{5BC1763A-2170-4B72-92AA-8CFC0C2DEC9A}.Debug|Any CPU.Build.0 = Debug|Any CPU
		{5BC1763A-2170-4B72-92AA-8CFC0C2DEC9A}.Debug|iOS.ActiveCfg = Debug|Any CPU
		{5BC1763A-2170-4B72-92AA-8CFC0C2DEC9A}.Debug|iOS.Build.0 = Debug|Any CPU
		{5BC1763A-2170-4B72-92AA-8CFC0C2DEC9A}.Debug|Mixed Platforms.ActiveCfg = Debug|Any CPU
		{5BC1763A-2170-4B72-92AA-8CFC0C2DEC9A}.Debug|Mixed Platforms.Build.0 = Debug|Any CPU
		{5BC1763A-2170-4B72-92AA-8CFC0C2DEC9A}.Debug|Windows Phone (Universal).ActiveCfg = Debug|Any CPU
		{5BC1763A-2170-4B72-92AA-8CFC0C2DEC9A}.Debug|Windows Phone (Universal).Build.0 = Debug|Any CPU
		{5BC1763A-2170-4B72-92AA-8CFC0C2DEC9A}.Debug|Windows Phone 8.ActiveCfg = Debug|Any CPU
		{5BC1763A-2170-4B72-92AA-8CFC0C2DEC9A}.Debug|Windows Phone 8.Build.0 = Debug|Any CPU
		{5BC1763A-2170-4B72-92AA-8CFC0C2DEC9A}.Debug|Windows-AnyCPU.ActiveCfg = Debug|Any CPU
		{5BC1763A-2170-4B72-92AA-8CFC0C2DEC9A}.Debug|Windows-AnyCPU.Build.0 = Debug|Any CPU
		{5BC1763A-2170-4B72-92AA-8CFC0C2DEC9A}.Debug|Windows-ARM.ActiveCfg = Debug|Any CPU
		{5BC1763A-2170-4B72-92AA-8CFC0C2DEC9A}.Debug|Windows-ARM.Build.0 = Debug|Any CPU
		{5BC1763A-2170-4B72-92AA-8CFC0C2DEC9A}.Debug|Windows-x64.ActiveCfg = Debug|Any CPU
		{5BC1763A-2170-4B72-92AA-8CFC0C2DEC9A}.Debug|Windows-x64.Build.0 = Debug|Any CPU
		{5BC1763A-2170-4B72-92AA-8CFC0C2DEC9A}.Debug|Windows-x86.ActiveCfg = Debug|Any CPU
		{5BC1763A-2170-4B72-92AA-8CFC0C2DEC9A}.Debug|Windows-x86.Build.0 = Debug|Any CPU
		{5BC1763A-2170-4B72-92AA-8CFC0C2DEC9A}.Release|Android.ActiveCfg = Release|Any CPU
		{5BC1763A-2170-4B72-92AA-8CFC0C2DEC9A}.Release|Android.Build.0 = Release|Any CPU
		{5BC1763A-2170-4B72-92AA-8CFC0C2DEC9A}.Release|Any CPU.ActiveCfg = Release|Any CPU
		{5BC1763A-2170-4B72-92AA-8CFC0C2DEC9A}.Release|Any CPU.Build.0 = Release|Any CPU
		{5BC1763A-2170-4B72-92AA-8CFC0C2DEC9A}.Release|iOS.ActiveCfg = Release|Any CPU
		{5BC1763A-2170-4B72-92AA-8CFC0C2DEC9A}.Release|iOS.Build.0 = Release|Any CPU
		{5BC1763A-2170-4B72-92AA-8CFC0C2DEC9A}.Release|Mixed Platforms.ActiveCfg = Release|Any CPU
		{5BC1763A-2170-4B72-92AA-8CFC0C2DEC9A}.Release|Mixed Platforms.Build.0 = Release|Any CPU
		{5BC1763A-2170-4B72-92AA-8CFC0C2DEC9A}.Release|Windows Phone (Universal).ActiveCfg = Release|Any CPU
		{5BC1763A-2170-4B72-92AA-8CFC0C2DEC9A}.Release|Windows Phone (Universal).Build.0 = Release|Any CPU
		{5BC1763A-2170-4B72-92AA-8CFC0C2DEC9A}.Release|Windows Phone 8.ActiveCfg = Release|Any CPU
		{5BC1763A-2170-4B72-92AA-8CFC0C2DEC9A}.Release|Windows Phone 8.Build.0 = Release|Any CPU
		{5BC1763A-2170-4B72-92AA-8CFC0C2DEC9A}.Release|Windows-AnyCPU.ActiveCfg = Release|Any CPU
		{5BC1763A-2170-4B72-92AA-8CFC0C2DEC9A}.Release|Windows-AnyCPU.Build.0 = Release|Any CPU
		{5BC1763A-2170-4B72-92AA-8CFC0C2DEC9A}.Release|Windows-ARM.ActiveCfg = Release|Any CPU
		{5BC1763A-2170-4B72-92AA-8CFC0C2DEC9A}.Release|Windows-ARM.Build.0 = Release|Any CPU
		{5BC1763A-2170-4B72-92AA-8CFC0C2DEC9A}.Release|Windows-x64.ActiveCfg = Release|Any CPU
		{5BC1763A-2170-4B72-92AA-8CFC0C2DEC9A}.Release|Windows-x64.Build.0 = Release|Any CPU
		{5BC1763A-2170-4B72-92AA-8CFC0C2DEC9A}.Release|Windows-x86.ActiveCfg = Release|Any CPU
		{5BC1763A-2170-4B72-92AA-8CFC0C2DEC9A}.Release|Windows-x86.Build.0 = Release|Any CPU
		{5BC1763A-2170-4B72-92AA-8CFC0C2DEC9A}.Test|Android.ActiveCfg = Release|Any CPU
		{5BC1763A-2170-4B72-92AA-8CFC0C2DEC9A}.Test|Android.Build.0 = Release|Any CPU
		{5BC1763A-2170-4B72-92AA-8CFC0C2DEC9A}.Test|Any CPU.ActiveCfg = Release|Any CPU
		{5BC1763A-2170-4B72-92AA-8CFC0C2DEC9A}.Test|Any CPU.Build.0 = Release|Any CPU
		{5BC1763A-2170-4B72-92AA-8CFC0C2DEC9A}.Test|iOS.ActiveCfg = Release|Any CPU
		{5BC1763A-2170-4B72-92AA-8CFC0C2DEC9A}.Test|iOS.Build.0 = Release|Any CPU
		{5BC1763A-2170-4B72-92AA-8CFC0C2DEC9A}.Test|Mixed Platforms.ActiveCfg = Release|Any CPU
		{5BC1763A-2170-4B72-92AA-8CFC0C2DEC9A}.Test|Mixed Platforms.Build.0 = Release|Any CPU
		{5BC1763A-2170-4B72-92AA-8CFC0C2DEC9A}.Test|Windows Phone (Universal).ActiveCfg = Release|Any CPU
		{5BC1763A-2170-4B72-92AA-8CFC0C2DEC9A}.Test|Windows Phone (Universal).Build.0 = Release|Any CPU
		{5BC1763A-2170-4B72-92AA-8CFC0C2DEC9A}.Test|Windows Phone 8.ActiveCfg = Release|Any CPU
		{5BC1763A-2170-4B72-92AA-8CFC0C2DEC9A}.Test|Windows Phone 8.Build.0 = Release|Any CPU
		{5BC1763A-2170-4B72-92AA-8CFC0C2DEC9A}.Test|Windows-AnyCPU.ActiveCfg = Release|Any CPU
		{5BC1763A-2170-4B72-92AA-8CFC0C2DEC9A}.Test|Windows-AnyCPU.Build.0 = Release|Any CPU
		{5BC1763A-2170-4B72-92AA-8CFC0C2DEC9A}.Test|Windows-ARM.ActiveCfg = Release|Any CPU
		{5BC1763A-2170-4B72-92AA-8CFC0C2DEC9A}.Test|Windows-ARM.Build.0 = Release|Any CPU
		{5BC1763A-2170-4B72-92AA-8CFC0C2DEC9A}.Test|Windows-x64.ActiveCfg = Release|Any CPU
		{5BC1763A-2170-4B72-92AA-8CFC0C2DEC9A}.Test|Windows-x64.Build.0 = Release|Any CPU
		{5BC1763A-2170-4B72-92AA-8CFC0C2DEC9A}.Test|Windows-x86.ActiveCfg = Release|Any CPU
		{5BC1763A-2170-4B72-92AA-8CFC0C2DEC9A}.Test|Windows-x86.Build.0 = Release|Any CPU
		{868BC538-7231-4EA8-8730-02B7A7DDB5E8}.Debug|Android.ActiveCfg = Debug|Any CPU
		{868BC538-7231-4EA8-8730-02B7A7DDB5E8}.Debug|Android.Build.0 = Debug|Any CPU
		{868BC538-7231-4EA8-8730-02B7A7DDB5E8}.Debug|Any CPU.ActiveCfg = Debug|Any CPU
		{868BC538-7231-4EA8-8730-02B7A7DDB5E8}.Debug|Any CPU.Build.0 = Debug|Any CPU
		{868BC538-7231-4EA8-8730-02B7A7DDB5E8}.Debug|iOS.ActiveCfg = Debug|Any CPU
		{868BC538-7231-4EA8-8730-02B7A7DDB5E8}.Debug|iOS.Build.0 = Debug|Any CPU
		{868BC538-7231-4EA8-8730-02B7A7DDB5E8}.Debug|Mixed Platforms.ActiveCfg = Debug|Any CPU
		{868BC538-7231-4EA8-8730-02B7A7DDB5E8}.Debug|Mixed Platforms.Build.0 = Debug|Any CPU
		{868BC538-7231-4EA8-8730-02B7A7DDB5E8}.Debug|Windows Phone (Universal).ActiveCfg = Debug|Any CPU
		{868BC538-7231-4EA8-8730-02B7A7DDB5E8}.Debug|Windows Phone (Universal).Build.0 = Debug|Any CPU
		{868BC538-7231-4EA8-8730-02B7A7DDB5E8}.Debug|Windows Phone 8.ActiveCfg = Debug|Any CPU
		{868BC538-7231-4EA8-8730-02B7A7DDB5E8}.Debug|Windows Phone 8.Build.0 = Debug|Any CPU
		{868BC538-7231-4EA8-8730-02B7A7DDB5E8}.Debug|Windows-AnyCPU.ActiveCfg = Debug|Any CPU
		{868BC538-7231-4EA8-8730-02B7A7DDB5E8}.Debug|Windows-AnyCPU.Build.0 = Debug|Any CPU
		{868BC538-7231-4EA8-8730-02B7A7DDB5E8}.Debug|Windows-ARM.ActiveCfg = Debug|Any CPU
		{868BC538-7231-4EA8-8730-02B7A7DDB5E8}.Debug|Windows-ARM.Build.0 = Debug|Any CPU
		{868BC538-7231-4EA8-8730-02B7A7DDB5E8}.Debug|Windows-x64.ActiveCfg = Debug|Any CPU
		{868BC538-7231-4EA8-8730-02B7A7DDB5E8}.Debug|Windows-x64.Build.0 = Debug|Any CPU
		{868BC538-7231-4EA8-8730-02B7A7DDB5E8}.Debug|Windows-x86.ActiveCfg = Debug|Any CPU
		{868BC538-7231-4EA8-8730-02B7A7DDB5E8}.Debug|Windows-x86.Build.0 = Debug|Any CPU
		{868BC538-7231-4EA8-8730-02B7A7DDB5E8}.Release|Android.ActiveCfg = Release|Any CPU
		{868BC538-7231-4EA8-8730-02B7A7DDB5E8}.Release|Android.Build.0 = Release|Any CPU
		{868BC538-7231-4EA8-8730-02B7A7DDB5E8}.Release|Any CPU.ActiveCfg = Release|Any CPU
		{868BC538-7231-4EA8-8730-02B7A7DDB5E8}.Release|Any CPU.Build.0 = Release|Any CPU
		{868BC538-7231-4EA8-8730-02B7A7DDB5E8}.Release|iOS.ActiveCfg = Release|Any CPU
		{868BC538-7231-4EA8-8730-02B7A7DDB5E8}.Release|iOS.Build.0 = Release|Any CPU
		{868BC538-7231-4EA8-8730-02B7A7DDB5E8}.Release|Mixed Platforms.ActiveCfg = Release|Any CPU
		{868BC538-7231-4EA8-8730-02B7A7DDB5E8}.Release|Mixed Platforms.Build.0 = Release|Any CPU
		{868BC538-7231-4EA8-8730-02B7A7DDB5E8}.Release|Windows Phone (Universal).ActiveCfg = Release|Any CPU
		{868BC538-7231-4EA8-8730-02B7A7DDB5E8}.Release|Windows Phone (Universal).Build.0 = Release|Any CPU
		{868BC538-7231-4EA8-8730-02B7A7DDB5E8}.Release|Windows Phone 8.ActiveCfg = Release|Any CPU
		{868BC538-7231-4EA8-8730-02B7A7DDB5E8}.Release|Windows Phone 8.Build.0 = Release|Any CPU
		{868BC538-7231-4EA8-8730-02B7A7DDB5E8}.Release|Windows-AnyCPU.ActiveCfg = Release|Any CPU
		{868BC538-7231-4EA8-8730-02B7A7DDB5E8}.Release|Windows-AnyCPU.Build.0 = Release|Any CPU
		{868BC538-7231-4EA8-8730-02B7A7DDB5E8}.Release|Windows-ARM.ActiveCfg = Release|Any CPU
		{868BC538-7231-4EA8-8730-02B7A7DDB5E8}.Release|Windows-ARM.Build.0 = Release|Any CPU
		{868BC538-7231-4EA8-8730-02B7A7DDB5E8}.Release|Windows-x64.ActiveCfg = Release|Any CPU
		{868BC538-7231-4EA8-8730-02B7A7DDB5E8}.Release|Windows-x64.Build.0 = Release|Any CPU
		{868BC538-7231-4EA8-8730-02B7A7DDB5E8}.Release|Windows-x86.ActiveCfg = Release|Any CPU
		{868BC538-7231-4EA8-8730-02B7A7DDB5E8}.Release|Windows-x86.Build.0 = Release|Any CPU
		{868BC538-7231-4EA8-8730-02B7A7DDB5E8}.Test|Android.ActiveCfg = Release|Any CPU
		{868BC538-7231-4EA8-8730-02B7A7DDB5E8}.Test|Android.Build.0 = Release|Any CPU
		{868BC538-7231-4EA8-8730-02B7A7DDB5E8}.Test|Any CPU.ActiveCfg = Release|Any CPU
		{868BC538-7231-4EA8-8730-02B7A7DDB5E8}.Test|Any CPU.Build.0 = Release|Any CPU
		{868BC538-7231-4EA8-8730-02B7A7DDB5E8}.Test|iOS.ActiveCfg = Release|Any CPU
		{868BC538-7231-4EA8-8730-02B7A7DDB5E8}.Test|iOS.Build.0 = Release|Any CPU
		{868BC538-7231-4EA8-8730-02B7A7DDB5E8}.Test|Mixed Platforms.ActiveCfg = Release|Any CPU
		{868BC538-7231-4EA8-8730-02B7A7DDB5E8}.Test|Mixed Platforms.Build.0 = Release|Any CPU
		{868BC538-7231-4EA8-8730-02B7A7DDB5E8}.Test|Windows Phone (Universal).ActiveCfg = Release|Any CPU
		{868BC538-7231-4EA8-8730-02B7A7DDB5E8}.Test|Windows Phone (Universal).Build.0 = Release|Any CPU
		{868BC538-7231-4EA8-8730-02B7A7DDB5E8}.Test|Windows Phone 8.ActiveCfg = Release|Any CPU
		{868BC538-7231-4EA8-8730-02B7A7DDB5E8}.Test|Windows Phone 8.Build.0 = Release|Any CPU
		{868BC538-7231-4EA8-8730-02B7A7DDB5E8}.Test|Windows-AnyCPU.ActiveCfg = Release|Any CPU
		{868BC538-7231-4EA8-8730-02B7A7DDB5E8}.Test|Windows-AnyCPU.Build.0 = Release|Any CPU
		{868BC538-7231-4EA8-8730-02B7A7DDB5E8}.Test|Windows-ARM.ActiveCfg = Release|Any CPU
		{868BC538-7231-4EA8-8730-02B7A7DDB5E8}.Test|Windows-ARM.Build.0 = Release|Any CPU
		{868BC538-7231-4EA8-8730-02B7A7DDB5E8}.Test|Windows-x64.ActiveCfg = Release|Any CPU
		{868BC538-7231-4EA8-8730-02B7A7DDB5E8}.Test|Windows-x64.Build.0 = Release|Any CPU
		{868BC538-7231-4EA8-8730-02B7A7DDB5E8}.Test|Windows-x86.ActiveCfg = Release|Any CPU
		{868BC538-7231-4EA8-8730-02B7A7DDB5E8}.Test|Windows-x86.Build.0 = Release|Any CPU
	EndGlobalSection
	GlobalSection(SolutionProperties) = preSolution
		HideSolutionNode = FALSE
	EndGlobalSection
	GlobalSection(NestedProjects) = preSolution
		{C77609A0-BC99-4FF6-BC43-A667467FF8EC} = {D2404163-A97C-4B2B-B896-73947737AF1A}
		{CAFAAE1D-5506-4954-8A7D-17E37732B425} = {D2404163-A97C-4B2B-B896-73947737AF1A}
		{C1BE4C08-A4CB-42AE-9E23-A61481139FA3} = {D2404163-A97C-4B2B-B896-73947737AF1A}
		{42B48086-C28D-444A-B030-A050DED74715} = {D2404163-A97C-4B2B-B896-73947737AF1A}
		{53EC0C6C-BCE6-45B2-B475-E451CADB56FE} = {5FC4659B-FA7D-4B22-B249-EBC5931D9356}
		{5BC1763A-2170-4B72-92AA-8CFC0C2DEC9A} = {5FC4659B-FA7D-4B22-B249-EBC5931D9356}
		{868BC538-7231-4EA8-8730-02B7A7DDB5E8} = {5FC4659B-FA7D-4B22-B249-EBC5931D9356}
	EndGlobalSection
	GlobalSection(SubversionScc) = preSolution
		Svn-Managed = True
		Manager = AnkhSVN - Subversion Support for Visual Studio
	EndGlobalSection
EndGlobal
